<?xml version="1.0" encoding="utf-8"?>
<Project ToolsVersion="4.0" xmlns="http://schemas.microsoft.com/developer/msbuild/2003">
  <ItemGroup>
    <Filter Include="PlatformFlow">
      <UniqueIdentifier>{E288B4CC-CEEB-4371-7771-7C2763B30FF4}</UniqueIdentifier>
    </Filter>
  </ItemGroup>
  <ItemGroup>
    <ClInclude Include="src\Block.h" />
    <ClInclude Include="src\GameBlock.h" />
    <ClInclude Include="src\PlatformFlow\PlatformFlowEndState.h">
      <Filter>PlatformFlow</Filter>
    </ClInclude>
    <ClInclude Include="src\PlatformFlow\PlatformFlowInitState.h">
      <Filter>PlatformFlow</Filter>
    </ClInclude>
    <ClInclude Include="src\PlatformFlow\PlatformFlowMenuState.h">
      <Filter>PlatformFlow</Filter>
    </ClInclude>
    <ClInclude Include="src\PlatformFlow\PlatformFlowStateMachine.h">
      <Filter>PlatformFlow</Filter>
    </ClInclude>
    <ClInclude Include="src\PlatformFlow\PlatformState.h">
      <Filter>PlatformFlow</Filter>
    </ClInclude>
    <ClInclude Include="src\PlatformLayer.h" />
  </ItemGroup>
  <ItemGroup>
    <ClCompile Include="src\GameBlock.cpp" />
    <ClCompile Include="src\PlatformFlow\PlatformFlowEndState.cpp">
      <Filter>PlatformFlow</Filter>
    </ClCompile>
    <ClCompile Include="src\PlatformFlow\PlatformFlowInitState.cpp">
      <Filter>PlatformFlow</Filter>
    </ClCompile>
    <ClCompile Include="src\PlatformFlow\PlatformFlowMenuState.cpp">
      <Filter>PlatformFlow</Filter>
    </ClCompile>
    <ClCompile Include="src\PlatformFlow\PlatformFlowStateMachine.cpp">
      <Filter>PlatformFlow</Filter>
    </ClCompile>
    <ClCompile Include="src\PlatformLayer.cpp" />
    <ClCompile Include="src\UniquePlatformApp.cpp" />
  </ItemGroup>
</Project>