
Microsoft Visual Studio Solution File, Format Version 12.00
# Visual Studio Version 17
Project("{8BC9CEB8-8B4A-11D0-8D11-00A0C91BC942}") = "SpaceShooter", "SpaceShooter\SpaceShooter.vcxproj", "{F5B1044A-E114-94EE-8A9A-CCA476DC5F71}"
EndProject
Project("{8BC9CEB8-8B4A-11D0-8D11-00A0C91BC942}") = "SFML_ImGui", "Unique\vendor\SFML_Imgui\SFML_ImGui.vcxproj", "{91F7382C-7DAF-7A79-E6B6-53D5D28D156A}"
EndProject
Project("{8BC9CEB8-8B4A-11D0-8D11-00A0C91BC942}") = "Unique", "Unique\Unique.vcxproj", "{9C8D27D6-882F-52AC-71EA-65005D2BD9FC}"
EndProject
Project("{8BC9CEB8-8B4A-11D0-8D11-00A0C91BC942}") = "UniquePlatform", "UniquePlatform\UniquePlatform.vcxproj", "{C1E60ECC-ADB4-02D2-9648-73F882B5DE36}"
EndProject
Global
	GlobalSection(SolutionConfigurationPlatforms) = preSolution
		Debug|x64 = Debug|x64
		Dist|x64 = Dist|x64
		Release|x64 = Release|x64
	EndGlobalSection
	GlobalSection(ProjectConfigurationPlatforms) = postSolution
		{F5B1044A-E114-94EE-8A9A-CCA476DC5F71}.Debug|x64.ActiveCfg = Debug|x64
		{F5B1044A-E114-94EE-8A9A-CCA476DC5F71}.Debug|x64.Build.0 = Debug|x64
		{F5B1044A-E114-94EE-8A9A-CCA476DC5F71}.Dist|x64.ActiveCfg = Dist|x64
		{F5B1044A-E114-94EE-8A9A-CCA476DC5F71}.Dist|x64.Build.0 = Dist|x64
		{F5B1044A-E114-94EE-8A9A-CCA476DC5F71}.Release|x64.ActiveCfg = Release|x64
		{F5B1044A-E114-94EE-8A9A-CCA476DC5F71}.Release|x64.Build.0 = Release|x64
		{91F7382C-7DAF-7A79-E6B6-53D5D28D156A}.Debug|x64.ActiveCfg = Debug|x64
		{91F7382C-7DAF-7A79-E6B6-53D5D28D156A}.Debug|x64.Build.0 = Debug|x64
		{91F7382C-7DAF-7A79-E6B6-53D5D28D156A}.Dist|x64.ActiveCfg = Dist|x64
		{91F7382C-7DAF-7A79-E6B6-53D5D28D156A}.Dist|x64.Build.0 = Dist|x64
		{91F7382C-7DAF-7A79-E6B6-53D5D28D156A}.Release|x64.ActiveCfg = Release|x64
		{91F7382C-7DAF-7A79-E6B6-53D5D28D156A}.Release|x64.Build.0 = Release|x64
		{9C8D27D6-882F-52AC-71EA-65005D2BD9FC}.Debug|x64.ActiveCfg = Debug|x64
		{9C8D27D6-882F-52AC-71EA-65005D2BD9FC}.Debug|x64.Build.0 = Debug|x64
		{9C8D27D6-882F-52AC-71EA-65005D2BD9FC}.Dist|x64.ActiveCfg = Dist|x64
		{9C8D27D6-882F-52AC-71EA-65005D2BD9FC}.Dist|x64.Build.0 = Dist|x64
		{9C8D27D6-882F-52AC-71EA-65005D2BD9FC}.Release|x64.ActiveCfg = Release|x64
		{9C8D27D6-882F-52AC-71EA-65005D2BD9FC}.Release|x64.Build.0 = Release|x64
		{C1E60ECC-ADB4-02D2-9648-73F882B5DE36}.Debug|x64.ActiveCfg = Debug|x64
		{C1E60ECC-ADB4-02D2-9648-73F882B5DE36}.Debug|x64.Build.0 = Debug|x64
		{C1E60ECC-ADB4-02D2-9648-73F882B5DE36}.Dist|x64.ActiveCfg = Dist|x64
		{C1E60ECC-ADB4-02D2-9648-73F882B5DE36}.Dist|x64.Build.0 = Dist|x64
		{C1E60ECC-ADB4-02D2-9648-73F882B5DE36}.Release|x64.ActiveCfg = Release|x64
		{C1E60ECC-ADB4-02D2-9648-73F882B5DE36}.Release|x64.Build.0 = Release|x64
	EndGlobalSection
	GlobalSection(SolutionProperties) = preSolution
		HideSolutionNode = FALSE
	EndGlobalSection
EndGlobal
