<?xml version="1.0" encoding="utf-8"?>
<Project ToolsVersion="4.0" xmlns="http://schemas.microsoft.com/developer/msbuild/2003">
  <ItemGroup>
    <Filter Include="Unique">
      <UniqueIdentifier>{9C8D27D6-882F-52AC-71EA-65005D2BD9FC}</UniqueIdentifier>
    </Filter>
    <Filter Include="Unique\Events">
      <UniqueIdentifier>{00521A8A-6C12-96C0-354D-DF3DA1CCDA9C}</UniqueIdentifier>
    </Filter>
    <Filter Include="Unique\Platform">
      <UniqueIdentifier>{70D91496-DC64-825A-E575-054F5180DE5A}</UniqueIdentifier>
    </Filter>
    <Filter Include="Unique\Platform\ImGui">
      <UniqueIdentifier>{9AA21613-060F-D20D-CF02-6A6B3B2EF475}</UniqueIdentifier>
    </Filter>
    <Filter Include="Unique\Platform\Windows">
      <UniqueIdentifier>{AAF35C62-162B-A5F9-1F35-091D8BEBCBF2}</UniqueIdentifier>
    </Filter>
  </ItemGroup>
  <ItemGroup>
    <ClInclude Include="src\Unique.h" />
    <ClInclude Include="src\Unique\Application.h">
      <Filter>Unique</Filter>
    </ClInclude>
    <ClInclude Include="src\Unique\Core.h">
      <Filter>Unique</Filter>
    </ClInclude>
    <ClInclude Include="src\Unique\EntryPoint.h">
      <Filter>Unique</Filter>
    </ClInclude>
    <ClInclude Include="src\Unique\Events\ApplicationEvent.h">
      <Filter>Unique\Events</Filter>
    </ClInclude>
    <ClInclude Include="src\Unique\Events\Event.h">
      <Filter>Unique\Events</Filter>
    </ClInclude>
    <ClInclude Include="src\Unique\Events\KeyEvent.h">
      <Filter>Unique\Events</Filter>
    </ClInclude>
    <ClInclude Include="src\Unique\Events\MouseEvent.h">
      <Filter>Unique\Events</Filter>
    </ClInclude>
    <ClInclude Include="src\Unique\Layer.h">
      <Filter>Unique</Filter>
    </ClInclude>
    <ClInclude Include="src\Unique\LayerStack.h">
      <Filter>Unique</Filter>
    </ClInclude>
    <ClInclude Include="src\Unique\Log.h">
      <Filter>Unique</Filter>
    </ClInclude>
    <ClInclude Include="src\Unique\Platform\ImGui\ImGuiLayer.h">
      <Filter>Unique\Platform\ImGui</Filter>
    </ClInclude>
    <ClInclude Include="src\Unique\Platform\Windows\SFMLWindow.h">
      <Filter>Unique\Platform\Windows</Filter>
    </ClInclude>
    <ClInclude Include="src\Unique\Window.h">
      <Filter>Unique</Filter>
    </ClInclude>
    <ClInclude Include="src\uqpch.h" />
    <ClInclude Include="src\Unique\Input.h" />
    <ClInclude Include="src\Unique\Platform\Windows\WindowsInput.h" />
    <ClInclude Include="src\Unique\KeyCodes.h" />
    <ClInclude Include="src\Unique\MouseButtonCodes.h" />
  </ItemGroup>
  <ItemGroup>
    <ClCompile Include="src\Unique\Application.cpp">
      <Filter>Unique</Filter>
    </ClCompile>
    <ClCompile Include="src\Unique\Layer.cpp">
      <Filter>Unique</Filter>
    </ClCompile>
    <ClCompile Include="src\Unique\LayerStack.cpp">
      <Filter>Unique</Filter>
    </ClCompile>
    <ClCompile Include="src\Unique\Log.cpp">
      <Filter>Unique</Filter>
    </ClCompile>
    <ClCompile Include="src\Unique\Platform\ImGui\ImGuiLayer.cpp">
      <Filter>Unique\Platform\ImGui</Filter>
    </ClCompile>
    <ClCompile Include="src\Unique\Platform\Windows\SFMLWindow.cpp">
      <Filter>Unique\Platform\Windows</Filter>
    </ClCompile>
    <ClCompile Include="src\uqpch.cpp" />
    <ClCompile Include="src\Unique\Platform\Windows\WindowsInputcpp.cpp" />
  </ItemGroup>
</Project>