<?xml version="1.0" encoding="utf-8"?>
<Project ToolsVersion="4.0" xmlns="http://schemas.microsoft.com/developer/msbuild/2003">
  <ItemGroup>
    <Filter Include="Unique">
      <UniqueIdentifier>{9C8D27D6-882F-52AC-71EA-65005D2BD9FC}</UniqueIdentifier>
    </Filter>
    <Filter Include="Unique\Events">
      <UniqueIdentifier>{00521A8A-6C12-96C0-354D-DF3DA1CCDA9C}</UniqueIdentifier>
    </Filter>
    <Filter Include="Platform">
      <UniqueIdentifier>{8a2f70ee-ed5c-4f02-a12c-0a4db8af6857}</UniqueIdentifier>
    </Filter>
  </ItemGroup>
  <ItemGroup>
    <ClInclude Include="src\Unique.h" />
    <ClInclude Include="src\Unique\Application.h">
      <Filter>Unique</Filter>
    </ClInclude>
    <ClInclude Include="src\Unique\Core.h">
      <Filter>Unique</Filter>
    </ClInclude>
    <ClInclude Include="src\Unique\EntryPoint.h">
      <Filter>Unique</Filter>
    </ClInclude>
    <ClInclude Include="src\Unique\Events\ApplicationEvent.h">
      <Filter>Unique\Events</Filter>
    </ClInclude>
    <ClInclude Include="src\Unique\Events\Event.h">
      <Filter>Unique\Events</Filter>
    </ClInclude>
    <ClInclude Include="src\Unique\Events\KeyEvent.h">
      <Filter>Unique\Events</Filter>
    </ClInclude>
    <ClInclude Include="src\Unique\Events\MouseEvent.h">
      <Filter>Unique\Events</Filter>
    </ClInclude>
    <ClInclude Include="src\Unique\Log.h">
      <Filter>Unique</Filter>
    </ClInclude>
    <ClInclude Include="src\uqpch.h" />
    <ClInclude Include="src\Unique\Window.h">
      <Filter>Unique</Filter>
    </ClInclude>
    <ClInclude Include="src\Unique\Platform\Windows\SFMLWindow.h" />
    <ClInclude Include="src\Unique\Layer.h" />
    <ClInclude Include="src\Unique\LayerStack.h" />
  </ItemGroup>
  <ItemGroup>
    <ClCompile Include="src\Unique\Application.cpp">
      <Filter>Unique</Filter>
    </ClCompile>
    <ClCompile Include="src\Unique\Log.cpp">
      <Filter>Unique</Filter>
    </ClCompile>
    <ClCompile Include="src\uqpch.cpp" />
    <ClCompile Include="src\Unique\Platform\Windows\SFMLWindow.cpp" />
    <ClCompile Include="src\Unique\Layer.cpp" />
    <ClCompile Include="src\Unique\LayerStack.cpp" />
  </ItemGroup>
</Project>